
Microsoft Visual Studio Solution File, Format Version 12.00
# Visual Studio Version 17
VisualStudioVersion = 17.4.33205.214
MinimumVisualStudioVersion = 10.0.40219.1
Project("{FAE04EC0-301F-11D3-BF4B-00C04F79EFBC}") = "andmebaas", "andmebaas.csproj", "{06A5A07F-748F-447A-9182-5C6BFA6DEEBE}"
EndProject
Global
	GlobalSection(SolutionConfigurationPlatforms) = preSolution
		Debug|Any CPU = Debug|Any CPU
		Release|Any CPU = Release|Any CPU
	EndGlobalSection
	GlobalSection(ProjectConfigurationPlatforms) = postSolution
		{06A5A07F-748F-447A-9182-5C6BFA6DEEBE}.Debug|Any CPU.ActiveCfg = Debug|Any CPU
		{06A5A07F-748F-447A-9182-5C6BFA6DEEBE}.Debug|Any CPU.Build.0 = Debug|Any CPU
		{06A5A07F-748F-447A-9182-5C6BFA6DEEBE}.Release|Any CPU.ActiveCfg = Release|Any CPU
		{06A5A07F-748F-447A-9182-5C6BFA6DEEBE}.Release|Any CPU.Build.0 = Release|Any CPU
	EndGlobalSection
	GlobalSection(SolutionProperties) = preSolution
		HideSolutionNode = FALSE
	EndGlobalSection
	GlobalSection(ExtensibilityGlobals) = postSolution
		SolutionGuid = {72837B7E-6AEA-4524-A6B5-92F4274DA5DD}
	EndGlobalSection
EndGlobal
